// !$*UTF8*$!
{
	archiveVersion = 1;
	classes = {
	};
	objectVersion = 56;
	objects = {

/* Begin PBXBuildFile section */
		21511CB72ACDBCF300AA042E /* watchOSTestApp Watch App.app in Embed Watch Content */ = {isa = PBXBuildFile; fileRef = 21511CB62ACDBCF300AA042E /* watchOSTestApp Watch App.app */; settings = {ATTRIBUTES = (RemoveHeadersOnCopy, ); }; };
		21511CBC2ACDBCF300AA042E /* watchOSTestAppApp.swift in Sources */ = {isa = PBXBuildFile; fileRef = 21511CBB2ACDBCF300AA042E /* watchOSTestAppApp.swift */; };
		21511CBE2ACDBCF300AA042E /* ContentView.swift in Sources */ = {isa = PBXBuildFile; fileRef = 21511CBD2ACDBCF300AA042E /* ContentView.swift */; };
		21511CC02ACDBCF500AA042E /* Assets.xcassets in Resources */ = {isa = PBXBuildFile; fileRef = 21511CBF2ACDBCF500AA042E /* Assets.xcassets */; };
		21511CC32ACDBCF500AA042E /* Preview Assets.xcassets in Resources */ = {isa = PBXBuildFile; fileRef = 21511CC22ACDBCF500AA042E /* Preview Assets.xcassets */; };
		21511CCD2ACDBCF500AA042E /* watchOSTestApp_Watch_AppTests.swift in Sources */ = {isa = PBXBuildFile; fileRef = 21511CCC2ACDBCF500AA042E /* watchOSTestApp_Watch_AppTests.swift */; };
		21511CD72ACDBCF500AA042E /* watchOSTestApp_Watch_AppUITests.swift in Sources */ = {isa = PBXBuildFile; fileRef = 21511CD62ACDBCF500AA042E /* watchOSTestApp_Watch_AppUITests.swift */; };
		21511CD92ACDBCF500AA042E /* watchOSTestApp_Watch_AppUITestsLaunchTests.swift in Sources */ = {isa = PBXBuildFile; fileRef = 21511CD82ACDBCF500AA042E /* watchOSTestApp_Watch_AppUITestsLaunchTests.swift */; };
		21511CFA2ACDC1CC00AA042E /* User+Schema.swift in Sources */ = {isa = PBXBuildFile; fileRef = 21511CF52ACDC1CB00AA042E /* User+Schema.swift */; };
		21511CFB2ACDC1CC00AA042E /* AmplifyModels.swift in Sources */ = {isa = PBXBuildFile; fileRef = 21511CF62ACDC1CC00AA042E /* AmplifyModels.swift */; };
		21511CFC2ACDC1CC00AA042E /* Test+Schema.swift in Sources */ = {isa = PBXBuildFile; fileRef = 21511CF72ACDC1CC00AA042E /* Test+Schema.swift */; };
		21511CFD2ACDC1CC00AA042E /* User.swift in Sources */ = {isa = PBXBuildFile; fileRef = 21511CF82ACDC1CC00AA042E /* User.swift */; };
		21511CFE2ACDC1CC00AA042E /* Test.swift in Sources */ = {isa = PBXBuildFile; fileRef = 21511CF92ACDC1CC00AA042E /* Test.swift */; };
		4C3B1BDB2B05127F00F2A14C /* phoneApp.swift in Sources */ = {isa = PBXBuildFile; fileRef = 4C3B1BDA2B05127F00F2A14C /* phoneApp.swift */; };
		4C3B1BDD2B05127F00F2A14C /* ContentView.swift in Sources */ = {isa = PBXBuildFile; fileRef = 4C3B1BDC2B05127F00F2A14C /* ContentView.swift */; };
		4C3B1BDF2B05128100F2A14C /* Assets.xcassets in Resources */ = {isa = PBXBuildFile; fileRef = 4C3B1BDE2B05128100F2A14C /* Assets.xcassets */; };
		4C3B1BE22B05128100F2A14C /* Preview Assets.xcassets in Resources */ = {isa = PBXBuildFile; fileRef = 4C3B1BE12B05128100F2A14C /* Preview Assets.xcassets */; };
		4C3B1BEC2B05128100F2A14C /* phoneTests.swift in Sources */ = {isa = PBXBuildFile; fileRef = 4C3B1BEB2B05128100F2A14C /* phoneTests.swift */; };
		4C3B1BF62B05128100F2A14C /* phoneUITests.swift in Sources */ = {isa = PBXBuildFile; fileRef = 4C3B1BF52B05128100F2A14C /* phoneUITests.swift */; };
		4C3B1BF82B05128100F2A14C /* phoneUITestsLaunchTests.swift in Sources */ = {isa = PBXBuildFile; fileRef = 4C3B1BF72B05128100F2A14C /* phoneUITestsLaunchTests.swift */; };
		4C3B1C022B05128E00F2A14C /* amplifyconfiguration.json in Resources */ = {isa = PBXBuildFile; fileRef = 4C7CECC62B03428400F8CD28 /* amplifyconfiguration.json */; };
		4C3B1C052B0513DF00F2A14C /* AWSAPIPlugin in Frameworks */ = {isa = PBXBuildFile; productRef = 4C3B1C042B0513DF00F2A14C /* AWSAPIPlugin */; };
		4C3B1C072B0513DF00F2A14C /* AWSDataStorePlugin in Frameworks */ = {isa = PBXBuildFile; productRef = 4C3B1C062B0513DF00F2A14C /* AWSDataStorePlugin */; };
		4C3B1C092B0513DF00F2A14C /* AWSPluginsCore in Frameworks */ = {isa = PBXBuildFile; productRef = 4C3B1C082B0513DF00F2A14C /* AWSPluginsCore */; };
		4C3B1C0B2B0513DF00F2A14C /* Amplify in Frameworks */ = {isa = PBXBuildFile; productRef = 4C3B1C0A2B0513DF00F2A14C /* Amplify */; };
		4C3B1C0C2B05152A00F2A14C /* AmplifyModels.swift in Sources */ = {isa = PBXBuildFile; fileRef = 21511CF62ACDC1CC00AA042E /* AmplifyModels.swift */; };
		4C3B1C0D2B05152C00F2A14C /* Test.swift in Sources */ = {isa = PBXBuildFile; fileRef = 21511CF92ACDC1CC00AA042E /* Test.swift */; };
		4C3B1C0E2B05152F00F2A14C /* Test+Schema.swift in Sources */ = {isa = PBXBuildFile; fileRef = 21511CF72ACDC1CC00AA042E /* Test+Schema.swift */; };
		4C3B1C0F2B05153100F2A14C /* User.swift in Sources */ = {isa = PBXBuildFile; fileRef = 21511CF82ACDC1CC00AA042E /* User.swift */; };
		4C3B1C102B05153300F2A14C /* User+Schema.swift in Sources */ = {isa = PBXBuildFile; fileRef = 21511CF52ACDC1CB00AA042E /* User+Schema.swift */; };
		4C3B1C132B05154100F2A14C /* Amplify in Frameworks */ = {isa = PBXBuildFile; productRef = 4C3B1C122B05154100F2A14C /* Amplify */; };
		4C3B1C152B05154100F2A14C /* AWSAPIPlugin in Frameworks */ = {isa = PBXBuildFile; productRef = 4C3B1C142B05154100F2A14C /* AWSAPIPlugin */; };
		4C3B1C172B05154100F2A14C /* AWSDataStorePlugin in Frameworks */ = {isa = PBXBuildFile; productRef = 4C3B1C162B05154100F2A14C /* AWSDataStorePlugin */; };
		4C3B1C192B05154100F2A14C /* AWSPluginsCore in Frameworks */ = {isa = PBXBuildFile; productRef = 4C3B1C182B05154100F2A14C /* AWSPluginsCore */; };
		4C7CECC72B03428400F8CD28 /* amplifyconfiguration.json in Resources */ = {isa = PBXBuildFile; fileRef = 4C7CECC62B03428400F8CD28 /* amplifyconfiguration.json */; };
		4C7CECC82B03428400F8CD28 /* amplifyconfiguration.json in Resources */ = {isa = PBXBuildFile; fileRef = 4C7CECC62B03428400F8CD28 /* amplifyconfiguration.json */; };
/* End PBXBuildFile section */

/* Begin PBXContainerItemProxy section */
		21511CB82ACDBCF300AA042E /* PBXContainerItemProxy */ = {
			isa = PBXContainerItemProxy;
			containerPortal = 21511CAA2ACDBCF200AA042E /* Project object */;
			proxyType = 1;
			remoteGlobalIDString = 21511CB52ACDBCF300AA042E;
			remoteInfo = "watchOSTestApp Watch App";
		};
		21511CC92ACDBCF500AA042E /* PBXContainerItemProxy */ = {
			isa = PBXContainerItemProxy;
			containerPortal = 21511CAA2ACDBCF200AA042E /* Project object */;
			proxyType = 1;
			remoteGlobalIDString = 21511CB52ACDBCF300AA042E;
			remoteInfo = "watchOSTestApp Watch App";
		};
		21511CD32ACDBCF500AA042E /* PBXContainerItemProxy */ = {
			isa = PBXContainerItemProxy;
			containerPortal = 21511CAA2ACDBCF200AA042E /* Project object */;
			proxyType = 1;
			remoteGlobalIDString = 21511CB52ACDBCF300AA042E;
			remoteInfo = "watchOSTestApp Watch App";
		};
		4C3B1BE82B05128100F2A14C /* PBXContainerItemProxy */ = {
			isa = PBXContainerItemProxy;
			containerPortal = 21511CAA2ACDBCF200AA042E /* Project object */;
			proxyType = 1;
			remoteGlobalIDString = 4C3B1BD72B05127F00F2A14C;
			remoteInfo = phone;
		};
		4C3B1BF22B05128100F2A14C /* PBXContainerItemProxy */ = {
			isa = PBXContainerItemProxy;
			containerPortal = 21511CAA2ACDBCF200AA042E /* Project object */;
			proxyType = 1;
			remoteGlobalIDString = 4C3B1BD72B05127F00F2A14C;
			remoteInfo = phone;
		};
/* End PBXContainerItemProxy section */

/* Begin PBXCopyFilesBuildPhase section */
		21511CDF2ACDBCF500AA042E /* Embed Watch Content */ = {
			isa = PBXCopyFilesBuildPhase;
			buildActionMask = 2147483647;
			dstPath = "$(CONTENTS_FOLDER_PATH)/Watch";
			dstSubfolderSpec = 16;
			files = (
				21511CB72ACDBCF300AA042E /* watchOSTestApp Watch App.app in Embed Watch Content */,
			);
			name = "Embed Watch Content";
			runOnlyForDeploymentPostprocessing = 0;
		};
/* End PBXCopyFilesBuildPhase section */

/* Begin PBXFileReference section */
		21511CB02ACDBCF300AA042E /* watchOSTestApp.app */ = {isa = PBXFileReference; explicitFileType = wrapper.application; includeInIndex = 0; path = watchOSTestApp.app; sourceTree = BUILT_PRODUCTS_DIR; };
		21511CB62ACDBCF300AA042E /* watchOSTestApp Watch App.app */ = {isa = PBXFileReference; explicitFileType = wrapper.application; includeInIndex = 0; path = "watchOSTestApp Watch App.app"; sourceTree = BUILT_PRODUCTS_DIR; };
		21511CBB2ACDBCF300AA042E /* watchOSTestAppApp.swift */ = {isa = PBXFileReference; lastKnownFileType = sourcecode.swift; path = watchOSTestAppApp.swift; sourceTree = "<group>"; };
		21511CBD2ACDBCF300AA042E /* ContentView.swift */ = {isa = PBXFileReference; lastKnownFileType = sourcecode.swift; path = ContentView.swift; sourceTree = "<group>"; };
		21511CBF2ACDBCF500AA042E /* Assets.xcassets */ = {isa = PBXFileReference; lastKnownFileType = folder.assetcatalog; path = Assets.xcassets; sourceTree = "<group>"; };
		21511CC22ACDBCF500AA042E /* Preview Assets.xcassets */ = {isa = PBXFileReference; lastKnownFileType = folder.assetcatalog; path = "Preview Assets.xcassets"; sourceTree = "<group>"; };
		21511CC82ACDBCF500AA042E /* watchOSTestApp Watch AppTests.xctest */ = {isa = PBXFileReference; explicitFileType = wrapper.cfbundle; includeInIndex = 0; path = "watchOSTestApp Watch AppTests.xctest"; sourceTree = BUILT_PRODUCTS_DIR; };
		21511CCC2ACDBCF500AA042E /* watchOSTestApp_Watch_AppTests.swift */ = {isa = PBXFileReference; lastKnownFileType = sourcecode.swift; path = watchOSTestApp_Watch_AppTests.swift; sourceTree = "<group>"; };
		21511CD22ACDBCF500AA042E /* watchOSTestApp Watch AppUITests.xctest */ = {isa = PBXFileReference; explicitFileType = wrapper.cfbundle; includeInIndex = 0; path = "watchOSTestApp Watch AppUITests.xctest"; sourceTree = BUILT_PRODUCTS_DIR; };
		21511CD62ACDBCF500AA042E /* watchOSTestApp_Watch_AppUITests.swift */ = {isa = PBXFileReference; lastKnownFileType = sourcecode.swift; path = watchOSTestApp_Watch_AppUITests.swift; sourceTree = "<group>"; };
		21511CD82ACDBCF500AA042E /* watchOSTestApp_Watch_AppUITestsLaunchTests.swift */ = {isa = PBXFileReference; lastKnownFileType = sourcecode.swift; path = watchOSTestApp_Watch_AppUITestsLaunchTests.swift; sourceTree = "<group>"; };
		21511CF52ACDC1CB00AA042E /* User+Schema.swift */ = {isa = PBXFileReference; fileEncoding = 4; lastKnownFileType = sourcecode.swift; path = "User+Schema.swift"; sourceTree = "<group>"; };
		21511CF62ACDC1CC00AA042E /* AmplifyModels.swift */ = {isa = PBXFileReference; fileEncoding = 4; lastKnownFileType = sourcecode.swift; path = AmplifyModels.swift; sourceTree = "<group>"; };
		21511CF72ACDC1CC00AA042E /* Test+Schema.swift */ = {isa = PBXFileReference; fileEncoding = 4; lastKnownFileType = sourcecode.swift; path = "Test+Schema.swift"; sourceTree = "<group>"; };
		21511CF82ACDC1CC00AA042E /* User.swift */ = {isa = PBXFileReference; fileEncoding = 4; lastKnownFileType = sourcecode.swift; path = User.swift; sourceTree = "<group>"; };
		21511CF92ACDC1CC00AA042E /* Test.swift */ = {isa = PBXFileReference; fileEncoding = 4; lastKnownFileType = sourcecode.swift; path = Test.swift; sourceTree = "<group>"; };
		2165BD092AFE8973007453DF /* watchOSTestApp-Watch-App-Info.plist */ = {isa = PBXFileReference; lastKnownFileType = text.plist; path = "watchOSTestApp-Watch-App-Info.plist"; sourceTree = SOURCE_ROOT; };
		4C3B1BD82B05127F00F2A14C /* phone.app */ = {isa = PBXFileReference; explicitFileType = wrapper.application; includeInIndex = 0; path = phone.app; sourceTree = BUILT_PRODUCTS_DIR; };
		4C3B1BDA2B05127F00F2A14C /* phoneApp.swift */ = {isa = PBXFileReference; lastKnownFileType = sourcecode.swift; path = phoneApp.swift; sourceTree = "<group>"; };
		4C3B1BDC2B05127F00F2A14C /* ContentView.swift */ = {isa = PBXFileReference; lastKnownFileType = sourcecode.swift; path = ContentView.swift; sourceTree = "<group>"; };
		4C3B1BDE2B05128100F2A14C /* Assets.xcassets */ = {isa = PBXFileReference; lastKnownFileType = folder.assetcatalog; path = Assets.xcassets; sourceTree = "<group>"; };
		4C3B1BE12B05128100F2A14C /* Preview Assets.xcassets */ = {isa = PBXFileReference; lastKnownFileType = folder.assetcatalog; path = "Preview Assets.xcassets"; sourceTree = "<group>"; };
		4C3B1BE72B05128100F2A14C /* phoneTests.xctest */ = {isa = PBXFileReference; explicitFileType = wrapper.cfbundle; includeInIndex = 0; path = phoneTests.xctest; sourceTree = BUILT_PRODUCTS_DIR; };
		4C3B1BEB2B05128100F2A14C /* phoneTests.swift */ = {isa = PBXFileReference; lastKnownFileType = sourcecode.swift; path = phoneTests.swift; sourceTree = "<group>"; };
		4C3B1BF12B05128100F2A14C /* phoneUITests.xctest */ = {isa = PBXFileReference; explicitFileType = wrapper.cfbundle; includeInIndex = 0; path = phoneUITests.xctest; sourceTree = BUILT_PRODUCTS_DIR; };
		4C3B1BF52B05128100F2A14C /* phoneUITests.swift */ = {isa = PBXFileReference; lastKnownFileType = sourcecode.swift; path = phoneUITests.swift; sourceTree = "<group>"; };
		4C3B1BF72B05128100F2A14C /* phoneUITestsLaunchTests.swift */ = {isa = PBXFileReference; lastKnownFileType = sourcecode.swift; path = phoneUITestsLaunchTests.swift; sourceTree = "<group>"; };
		4C7CECC62B03428400F8CD28 /* amplifyconfiguration.json */ = {isa = PBXFileReference; fileEncoding = 4; lastKnownFileType = text.json; path = amplifyconfiguration.json; sourceTree = "<group>"; };
/* End PBXFileReference section */

/* Begin PBXFrameworksBuildPhase section */
		21511CB32ACDBCF300AA042E /* Frameworks */ = {
			isa = PBXFrameworksBuildPhase;
			buildActionMask = 2147483647;
			files = (
				4C3B1C192B05154100F2A14C /* AWSPluginsCore in Frameworks */,
				4C3B1C172B05154100F2A14C /* AWSDataStorePlugin in Frameworks */,
				4C3B1C152B05154100F2A14C /* AWSAPIPlugin in Frameworks */,
				4C3B1C132B05154100F2A14C /* Amplify in Frameworks */,
			);
			runOnlyForDeploymentPostprocessing = 0;
		};
		21511CC52ACDBCF500AA042E /* Frameworks */ = {
			isa = PBXFrameworksBuildPhase;
			buildActionMask = 2147483647;
			files = (
			);
			runOnlyForDeploymentPostprocessing = 0;
		};
		21511CCF2ACDBCF500AA042E /* Frameworks */ = {
			isa = PBXFrameworksBuildPhase;
			buildActionMask = 2147483647;
			files = (
			);
			runOnlyForDeploymentPostprocessing = 0;
		};
		4C3B1BD52B05127F00F2A14C /* Frameworks */ = {
			isa = PBXFrameworksBuildPhase;
			buildActionMask = 2147483647;
			files = (
				4C3B1C052B0513DF00F2A14C /* AWSAPIPlugin in Frameworks */,
				4C3B1C0B2B0513DF00F2A14C /* Amplify in Frameworks */,
				4C3B1C072B0513DF00F2A14C /* AWSDataStorePlugin in Frameworks */,
				4C3B1C092B0513DF00F2A14C /* AWSPluginsCore in Frameworks */,
			);
			runOnlyForDeploymentPostprocessing = 0;
		};
		4C3B1BE42B05128100F2A14C /* Frameworks */ = {
			isa = PBXFrameworksBuildPhase;
			buildActionMask = 2147483647;
			files = (
			);
			runOnlyForDeploymentPostprocessing = 0;
		};
		4C3B1BEE2B05128100F2A14C /* Frameworks */ = {
			isa = PBXFrameworksBuildPhase;
			buildActionMask = 2147483647;
			files = (
			);
			runOnlyForDeploymentPostprocessing = 0;
		};
/* End PBXFrameworksBuildPhase section */

/* Begin PBXGroup section */
		21511CA92ACDBCF200AA042E = {
			isa = PBXGroup;
			children = (
				4C7CECC62B03428400F8CD28 /* amplifyconfiguration.json */,
				21511CBA2ACDBCF300AA042E /* watchOSTestApp Watch App */,
				21511CCB2ACDBCF500AA042E /* watchOSTestApp Watch AppTests */,
				21511CD52ACDBCF500AA042E /* watchOSTestApp Watch AppUITests */,
				4C3B1BD92B05127F00F2A14C /* phone */,
				4C3B1BEA2B05128100F2A14C /* phoneTests */,
				4C3B1BF42B05128100F2A14C /* phoneUITests */,
				21511CB12ACDBCF300AA042E /* Products */,
				4C3B1C112B05154100F2A14C /* Frameworks */,
			);
			sourceTree = "<group>";
		};
		21511CB12ACDBCF300AA042E /* Products */ = {
			isa = PBXGroup;
			children = (
				21511CB02ACDBCF300AA042E /* watchOSTestApp.app */,
				21511CB62ACDBCF300AA042E /* watchOSTestApp Watch App.app */,
				21511CC82ACDBCF500AA042E /* watchOSTestApp Watch AppTests.xctest */,
				21511CD22ACDBCF500AA042E /* watchOSTestApp Watch AppUITests.xctest */,
				4C3B1BD82B05127F00F2A14C /* phone.app */,
				4C3B1BE72B05128100F2A14C /* phoneTests.xctest */,
				4C3B1BF12B05128100F2A14C /* phoneUITests.xctest */,
			);
			name = Products;
			sourceTree = "<group>";
		};
		21511CBA2ACDBCF300AA042E /* watchOSTestApp Watch App */ = {
			isa = PBXGroup;
			children = (
				2165BD092AFE8973007453DF /* watchOSTestApp-Watch-App-Info.plist */,
				21511CFF2ACDC1DB00AA042E /* Models */,
				21511CBB2ACDBCF300AA042E /* watchOSTestAppApp.swift */,
				21511CBD2ACDBCF300AA042E /* ContentView.swift */,
				21511CBF2ACDBCF500AA042E /* Assets.xcassets */,
				21511CC12ACDBCF500AA042E /* Preview Content */,
			);
			path = "watchOSTestApp Watch App";
			sourceTree = "<group>";
		};
		21511CC12ACDBCF500AA042E /* Preview Content */ = {
			isa = PBXGroup;
			children = (
				21511CC22ACDBCF500AA042E /* Preview Assets.xcassets */,
			);
			path = "Preview Content";
			sourceTree = "<group>";
		};
		21511CCB2ACDBCF500AA042E /* watchOSTestApp Watch AppTests */ = {
			isa = PBXGroup;
			children = (
				21511CCC2ACDBCF500AA042E /* watchOSTestApp_Watch_AppTests.swift */,
			);
			path = "watchOSTestApp Watch AppTests";
			sourceTree = "<group>";
		};
		21511CD52ACDBCF500AA042E /* watchOSTestApp Watch AppUITests */ = {
			isa = PBXGroup;
			children = (
				21511CD62ACDBCF500AA042E /* watchOSTestApp_Watch_AppUITests.swift */,
				21511CD82ACDBCF500AA042E /* watchOSTestApp_Watch_AppUITestsLaunchTests.swift */,
			);
			path = "watchOSTestApp Watch AppUITests";
			sourceTree = "<group>";
		};
		21511CFF2ACDC1DB00AA042E /* Models */ = {
			isa = PBXGroup;
			children = (
				21511CF62ACDC1CC00AA042E /* AmplifyModels.swift */,
				21511CF92ACDC1CC00AA042E /* Test.swift */,
				21511CF72ACDC1CC00AA042E /* Test+Schema.swift */,
				21511CF82ACDC1CC00AA042E /* User.swift */,
				21511CF52ACDC1CB00AA042E /* User+Schema.swift */,
			);
			path = Models;
			sourceTree = "<group>";
		};
		4C3B1BD92B05127F00F2A14C /* phone */ = {
			isa = PBXGroup;
			children = (
				4C3B1BDA2B05127F00F2A14C /* phoneApp.swift */,
				4C3B1BDC2B05127F00F2A14C /* ContentView.swift */,
				4C3B1BDE2B05128100F2A14C /* Assets.xcassets */,
				4C3B1BE02B05128100F2A14C /* Preview Content */,
			);
			path = phone;
			sourceTree = "<group>";
		};
		4C3B1BE02B05128100F2A14C /* Preview Content */ = {
			isa = PBXGroup;
			children = (
				4C3B1BE12B05128100F2A14C /* Preview Assets.xcassets */,
			);
			path = "Preview Content";
			sourceTree = "<group>";
		};
		4C3B1BEA2B05128100F2A14C /* phoneTests */ = {
			isa = PBXGroup;
			children = (
				4C3B1BEB2B05128100F2A14C /* phoneTests.swift */,
			);
			path = phoneTests;
			sourceTree = "<group>";
		};
		4C3B1BF42B05128100F2A14C /* phoneUITests */ = {
			isa = PBXGroup;
			children = (
				4C3B1BF52B05128100F2A14C /* phoneUITests.swift */,
				4C3B1BF72B05128100F2A14C /* phoneUITestsLaunchTests.swift */,
			);
			path = phoneUITests;
			sourceTree = "<group>";
		};
		4C3B1C112B05154100F2A14C /* Frameworks */ = {
			isa = PBXGroup;
			children = (
			);
			name = Frameworks;
			sourceTree = "<group>";
		};
/* End PBXGroup section */

/* Begin PBXNativeTarget section */
		21511CAF2ACDBCF300AA042E /* watchOSTestApp */ = {
			isa = PBXNativeTarget;
			buildConfigurationList = 21511CE02ACDBCF500AA042E /* Build configuration list for PBXNativeTarget "watchOSTestApp" */;
			buildPhases = (
				21511CAE2ACDBCF300AA042E /* Resources */,
				21511CDF2ACDBCF500AA042E /* Embed Watch Content */,
			);
			buildRules = (
			);
			dependencies = (
				21511CB92ACDBCF300AA042E /* PBXTargetDependency */,
			);
			name = watchOSTestApp;
			productName = watchOSTestApp;
			productReference = 21511CB02ACDBCF300AA042E /* watchOSTestApp.app */;
			productType = "com.apple.product-type.application.watchapp2-container";
		};
		21511CB52ACDBCF300AA042E /* watchOSTestApp Watch App */ = {
			isa = PBXNativeTarget;
			buildConfigurationList = 21511CDC2ACDBCF500AA042E /* Build configuration list for PBXNativeTarget "watchOSTestApp Watch App" */;
			buildPhases = (
				21511CB22ACDBCF300AA042E /* Sources */,
				21511CB32ACDBCF300AA042E /* Frameworks */,
				21511CB42ACDBCF300AA042E /* Resources */,
			);
			buildRules = (
			);
			dependencies = (
			);
			name = "watchOSTestApp Watch App";
			packageProductDependencies = (
				4C3B1C122B05154100F2A14C /* Amplify */,
				4C3B1C142B05154100F2A14C /* AWSAPIPlugin */,
				4C3B1C162B05154100F2A14C /* AWSDataStorePlugin */,
				4C3B1C182B05154100F2A14C /* AWSPluginsCore */,
			);
			productName = "watchOSTestApp Watch App";
			productReference = 21511CB62ACDBCF300AA042E /* watchOSTestApp Watch App.app */;
			productType = "com.apple.product-type.application";
		};
		21511CC72ACDBCF500AA042E /* watchOSTestApp Watch AppTests */ = {
			isa = PBXNativeTarget;
			buildConfigurationList = 21511CE32ACDBCF500AA042E /* Build configuration list for PBXNativeTarget "watchOSTestApp Watch AppTests" */;
			buildPhases = (
				21511CC42ACDBCF500AA042E /* Sources */,
				21511CC52ACDBCF500AA042E /* Frameworks */,
				21511CC62ACDBCF500AA042E /* Resources */,
			);
			buildRules = (
			);
			dependencies = (
				21511CCA2ACDBCF500AA042E /* PBXTargetDependency */,
			);
			name = "watchOSTestApp Watch AppTests";
			productName = "watchOSTestApp Watch AppTests";
			productReference = 21511CC82ACDBCF500AA042E /* watchOSTestApp Watch AppTests.xctest */;
			productType = "com.apple.product-type.bundle.unit-test";
		};
		21511CD12ACDBCF500AA042E /* watchOSTestApp Watch AppUITests */ = {
			isa = PBXNativeTarget;
			buildConfigurationList = 21511CE62ACDBCF500AA042E /* Build configuration list for PBXNativeTarget "watchOSTestApp Watch AppUITests" */;
			buildPhases = (
				21511CCE2ACDBCF500AA042E /* Sources */,
				21511CCF2ACDBCF500AA042E /* Frameworks */,
				21511CD02ACDBCF500AA042E /* Resources */,
			);
			buildRules = (
			);
			dependencies = (
				21511CD42ACDBCF500AA042E /* PBXTargetDependency */,
			);
			name = "watchOSTestApp Watch AppUITests";
			productName = "watchOSTestApp Watch AppUITests";
			productReference = 21511CD22ACDBCF500AA042E /* watchOSTestApp Watch AppUITests.xctest */;
			productType = "com.apple.product-type.bundle.ui-testing";
		};
		4C3B1BD72B05127F00F2A14C /* phone */ = {
			isa = PBXNativeTarget;
			buildConfigurationList = 4C3B1BFF2B05128100F2A14C /* Build configuration list for PBXNativeTarget "phone" */;
			buildPhases = (
				4C3B1BD42B05127F00F2A14C /* Sources */,
				4C3B1BD52B05127F00F2A14C /* Frameworks */,
				4C3B1BD62B05127F00F2A14C /* Resources */,
			);
			buildRules = (
			);
			dependencies = (
			);
			name = phone;
			packageProductDependencies = (
				4C3B1C042B0513DF00F2A14C /* AWSAPIPlugin */,
				4C3B1C062B0513DF00F2A14C /* AWSDataStorePlugin */,
				4C3B1C082B0513DF00F2A14C /* AWSPluginsCore */,
				4C3B1C0A2B0513DF00F2A14C /* Amplify */,
			);
			productName = phone;
			productReference = 4C3B1BD82B05127F00F2A14C /* phone.app */;
			productType = "com.apple.product-type.application";
		};
		4C3B1BE62B05128100F2A14C /* phoneTests */ = {
			isa = PBXNativeTarget;
			buildConfigurationList = 4C3B1C002B05128100F2A14C /* Build configuration list for PBXNativeTarget "phoneTests" */;
			buildPhases = (
				4C3B1BE32B05128100F2A14C /* Sources */,
				4C3B1BE42B05128100F2A14C /* Frameworks */,
				4C3B1BE52B05128100F2A14C /* Resources */,
			);
			buildRules = (
			);
			dependencies = (
				4C3B1BE92B05128100F2A14C /* PBXTargetDependency */,
			);
			name = phoneTests;
			productName = phoneTests;
			productReference = 4C3B1BE72B05128100F2A14C /* phoneTests.xctest */;
			productType = "com.apple.product-type.bundle.unit-test";
		};
		4C3B1BF02B05128100F2A14C /* phoneUITests */ = {
			isa = PBXNativeTarget;
			buildConfigurationList = 4C3B1C012B05128100F2A14C /* Build configuration list for PBXNativeTarget "phoneUITests" */;
			buildPhases = (
				4C3B1BED2B05128100F2A14C /* Sources */,
				4C3B1BEE2B05128100F2A14C /* Frameworks */,
				4C3B1BEF2B05128100F2A14C /* Resources */,
			);
			buildRules = (
			);
			dependencies = (
				4C3B1BF32B05128100F2A14C /* PBXTargetDependency */,
			);
			name = phoneUITests;
			productName = phoneUITests;
			productReference = 4C3B1BF12B05128100F2A14C /* phoneUITests.xctest */;
			productType = "com.apple.product-type.bundle.ui-testing";
		};
/* End PBXNativeTarget section */

/* Begin PBXProject section */
		21511CAA2ACDBCF200AA042E /* Project object */ = {
			isa = PBXProject;
			attributes = {
				BuildIndependentTargetsInParallel = 1;
				LastSwiftUpdateCheck = 1500;
				LastUpgradeCheck = 1500;
				TargetAttributes = {
					21511CAF2ACDBCF300AA042E = {
						CreatedOnToolsVersion = 15.0;
					};
					21511CB52ACDBCF300AA042E = {
						CreatedOnToolsVersion = 15.0;
					};
					21511CC72ACDBCF500AA042E = {
						CreatedOnToolsVersion = 15.0;
						TestTargetID = 21511CB52ACDBCF300AA042E;
					};
					21511CD12ACDBCF500AA042E = {
						CreatedOnToolsVersion = 15.0;
						TestTargetID = 21511CB52ACDBCF300AA042E;
					};
					4C3B1BD72B05127F00F2A14C = {
						CreatedOnToolsVersion = 15.0.1;
					};
					4C3B1BE62B05128100F2A14C = {
						CreatedOnToolsVersion = 15.0.1;
						TestTargetID = 4C3B1BD72B05127F00F2A14C;
					};
					4C3B1BF02B05128100F2A14C = {
						CreatedOnToolsVersion = 15.0.1;
						TestTargetID = 4C3B1BD72B05127F00F2A14C;
					};
				};
			};
			buildConfigurationList = 21511CAD2ACDBCF200AA042E /* Build configuration list for PBXProject "watchOSTestApp" */;
			compatibilityVersion = "Xcode 14.0";
			developmentRegion = en;
			hasScannedForEncodings = 0;
			knownRegions = (
				en,
				Base,
			);
			mainGroup = 21511CA92ACDBCF200AA042E;
			packageReferences = (
				4C3B1C032B0513DF00F2A14C /* XCRemoteSwiftPackageReference "amplify-swift" */,
			);
			productRefGroup = 21511CB12ACDBCF300AA042E /* Products */;
			projectDirPath = "";
			projectRoot = "";
			targets = (
				21511CAF2ACDBCF300AA042E /* watchOSTestApp */,
				21511CB52ACDBCF300AA042E /* watchOSTestApp Watch App */,
				21511CC72ACDBCF500AA042E /* watchOSTestApp Watch AppTests */,
				21511CD12ACDBCF500AA042E /* watchOSTestApp Watch AppUITests */,
				4C3B1BD72B05127F00F2A14C /* phone */,
				4C3B1BE62B05128100F2A14C /* phoneTests */,
				4C3B1BF02B05128100F2A14C /* phoneUITests */,
			);
		};
/* End PBXProject section */

/* Begin PBXResourcesBuildPhase section */
		21511CAE2ACDBCF300AA042E /* Resources */ = {
			isa = PBXResourcesBuildPhase;
			buildActionMask = 2147483647;
			files = (
				4C7CECC72B03428400F8CD28 /* amplifyconfiguration.json in Resources */,
			);
			runOnlyForDeploymentPostprocessing = 0;
		};
		21511CB42ACDBCF300AA042E /* Resources */ = {
			isa = PBXResourcesBuildPhase;
			buildActionMask = 2147483647;
			files = (
				21511CC32ACDBCF500AA042E /* Preview Assets.xcassets in Resources */,
				21511CC02ACDBCF500AA042E /* Assets.xcassets in Resources */,
				4C7CECC82B03428400F8CD28 /* amplifyconfiguration.json in Resources */,
			);
			runOnlyForDeploymentPostprocessing = 0;
		};
		21511CC62ACDBCF500AA042E /* Resources */ = {
			isa = PBXResourcesBuildPhase;
			buildActionMask = 2147483647;
			files = (
			);
			runOnlyForDeploymentPostprocessing = 0;
		};
		21511CD02ACDBCF500AA042E /* Resources */ = {
			isa = PBXResourcesBuildPhase;
			buildActionMask = 2147483647;
			files = (
			);
			runOnlyForDeploymentPostprocessing = 0;
		};
		4C3B1BD62B05127F00F2A14C /* Resources */ = {
			isa = PBXResourcesBuildPhase;
			buildActionMask = 2147483647;
			files = (
				4C3B1BE22B05128100F2A14C /* Preview Assets.xcassets in Resources */,
				4C3B1C022B05128E00F2A14C /* amplifyconfiguration.json in Resources */,
				4C3B1BDF2B05128100F2A14C /* Assets.xcassets in Resources */,
			);
			runOnlyForDeploymentPostprocessing = 0;
		};
		4C3B1BE52B05128100F2A14C /* Resources */ = {
			isa = PBXResourcesBuildPhase;
			buildActionMask = 2147483647;
			files = (
			);
			runOnlyForDeploymentPostprocessing = 0;
		};
		4C3B1BEF2B05128100F2A14C /* Resources */ = {
			isa = PBXResourcesBuildPhase;
			buildActionMask = 2147483647;
			files = (
			);
			runOnlyForDeploymentPostprocessing = 0;
		};
/* End PBXResourcesBuildPhase section */

/* Begin PBXSourcesBuildPhase section */
		21511CB22ACDBCF300AA042E /* Sources */ = {
			isa = PBXSourcesBuildPhase;
			buildActionMask = 2147483647;
			files = (
				21511CFB2ACDC1CC00AA042E /* AmplifyModels.swift in Sources */,
				21511CBE2ACDBCF300AA042E /* ContentView.swift in Sources */,
				21511CFD2ACDC1CC00AA042E /* User.swift in Sources */,
				21511CFE2ACDC1CC00AA042E /* Test.swift in Sources */,
				21511CFC2ACDC1CC00AA042E /* Test+Schema.swift in Sources */,
				21511CFA2ACDC1CC00AA042E /* User+Schema.swift in Sources */,
				21511CBC2ACDBCF300AA042E /* watchOSTestAppApp.swift in Sources */,
			);
			runOnlyForDeploymentPostprocessing = 0;
		};
		21511CC42ACDBCF500AA042E /* Sources */ = {
			isa = PBXSourcesBuildPhase;
			buildActionMask = 2147483647;
			files = (
				21511CCD2ACDBCF500AA042E /* watchOSTestApp_Watch_AppTests.swift in Sources */,
			);
			runOnlyForDeploymentPostprocessing = 0;
		};
		21511CCE2ACDBCF500AA042E /* Sources */ = {
			isa = PBXSourcesBuildPhase;
			buildActionMask = 2147483647;
			files = (
				21511CD92ACDBCF500AA042E /* watchOSTestApp_Watch_AppUITestsLaunchTests.swift in Sources */,
				21511CD72ACDBCF500AA042E /* watchOSTestApp_Watch_AppUITests.swift in Sources */,
			);
			runOnlyForDeploymentPostprocessing = 0;
		};
		4C3B1BD42B05127F00F2A14C /* Sources */ = {
			isa = PBXSourcesBuildPhase;
			buildActionMask = 2147483647;
			files = (
				4C3B1BDD2B05127F00F2A14C /* ContentView.swift in Sources */,
				4C3B1C0D2B05152C00F2A14C /* Test.swift in Sources */,
				4C3B1C0F2B05153100F2A14C /* User.swift in Sources */,
				4C3B1C102B05153300F2A14C /* User+Schema.swift in Sources */,
				4C3B1C0E2B05152F00F2A14C /* Test+Schema.swift in Sources */,
				4C3B1C0C2B05152A00F2A14C /* AmplifyModels.swift in Sources */,
				4C3B1BDB2B05127F00F2A14C /* phoneApp.swift in Sources */,
			);
			runOnlyForDeploymentPostprocessing = 0;
		};
		4C3B1BE32B05128100F2A14C /* Sources */ = {
			isa = PBXSourcesBuildPhase;
			buildActionMask = 2147483647;
			files = (
				4C3B1BEC2B05128100F2A14C /* phoneTests.swift in Sources */,
			);
			runOnlyForDeploymentPostprocessing = 0;
		};
		4C3B1BED2B05128100F2A14C /* Sources */ = {
			isa = PBXSourcesBuildPhase;
			buildActionMask = 2147483647;
			files = (
				4C3B1BF62B05128100F2A14C /* phoneUITests.swift in Sources */,
				4C3B1BF82B05128100F2A14C /* phoneUITestsLaunchTests.swift in Sources */,
			);
			runOnlyForDeploymentPostprocessing = 0;
		};
/* End PBXSourcesBuildPhase section */

/* Begin PBXTargetDependency section */
		21511CB92ACDBCF300AA042E /* PBXTargetDependency */ = {
			isa = PBXTargetDependency;
			target = 21511CB52ACDBCF300AA042E /* watchOSTestApp Watch App */;
			targetProxy = 21511CB82ACDBCF300AA042E /* PBXContainerItemProxy */;
		};
		21511CCA2ACDBCF500AA042E /* PBXTargetDependency */ = {
			isa = PBXTargetDependency;
			target = 21511CB52ACDBCF300AA042E /* watchOSTestApp Watch App */;
			targetProxy = 21511CC92ACDBCF500AA042E /* PBXContainerItemProxy */;
		};
		21511CD42ACDBCF500AA042E /* PBXTargetDependency */ = {
			isa = PBXTargetDependency;
			target = 21511CB52ACDBCF300AA042E /* watchOSTestApp Watch App */;
			targetProxy = 21511CD32ACDBCF500AA042E /* PBXContainerItemProxy */;
		};
		4C3B1BE92B05128100F2A14C /* PBXTargetDependency */ = {
			isa = PBXTargetDependency;
			target = 4C3B1BD72B05127F00F2A14C /* phone */;
			targetProxy = 4C3B1BE82B05128100F2A14C /* PBXContainerItemProxy */;
		};
		4C3B1BF32B05128100F2A14C /* PBXTargetDependency */ = {
			isa = PBXTargetDependency;
			target = 4C3B1BD72B05127F00F2A14C /* phone */;
			targetProxy = 4C3B1BF22B05128100F2A14C /* PBXContainerItemProxy */;
		};
/* End PBXTargetDependency section */

/* Begin XCBuildConfiguration section */
		21511CDA2ACDBCF500AA042E /* Debug */ = {
			isa = XCBuildConfiguration;
			buildSettings = {
				ALWAYS_SEARCH_USER_PATHS = NO;
				ASSETCATALOG_COMPILER_GENERATE_SWIFT_ASSET_SYMBOL_EXTENSIONS = YES;
				CLANG_ANALYZER_NONNULL = YES;
				CLANG_ANALYZER_NUMBER_OBJECT_CONVERSION = YES_AGGRESSIVE;
				CLANG_CXX_LANGUAGE_STANDARD = "gnu++20";
				CLANG_ENABLE_MODULES = YES;
				CLANG_ENABLE_OBJC_ARC = YES;
				CLANG_ENABLE_OBJC_WEAK = YES;
				CLANG_WARN_BLOCK_CAPTURE_AUTORELEASING = YES;
				CLANG_WARN_BOOL_CONVERSION = YES;
				CLANG_WARN_COMMA = YES;
				CLANG_WARN_CONSTANT_CONVERSION = YES;
				CLANG_WARN_DEPRECATED_OBJC_IMPLEMENTATIONS = YES;
				CLANG_WARN_DIRECT_OBJC_ISA_USAGE = YES_ERROR;
				CLANG_WARN_DOCUMENTATION_COMMENTS = YES;
				CLANG_WARN_EMPTY_BODY = YES;
				CLANG_WARN_ENUM_CONVERSION = YES;
				CLANG_WARN_INFINITE_RECURSION = YES;
				CLANG_WARN_INT_CONVERSION = YES;
				CLANG_WARN_NON_LITERAL_NULL_CONVERSION = YES;
				CLANG_WARN_OBJC_IMPLICIT_RETAIN_SELF = YES;
				CLANG_WARN_OBJC_LITERAL_CONVERSION = YES;
				CLANG_WARN_OBJC_ROOT_CLASS = YES_ERROR;
				CLANG_WARN_QUOTED_INCLUDE_IN_FRAMEWORK_HEADER = YES;
				CLANG_WARN_RANGE_LOOP_ANALYSIS = YES;
				CLANG_WARN_STRICT_PROTOTYPES = YES;
				CLANG_WARN_SUSPICIOUS_MOVE = YES;
				CLANG_WARN_UNGUARDED_AVAILABILITY = YES_AGGRESSIVE;
				CLANG_WARN_UNREACHABLE_CODE = YES;
				CLANG_WARN__DUPLICATE_METHOD_MATCH = YES;
				COPY_PHASE_STRIP = NO;
				DEBUG_INFORMATION_FORMAT = dwarf;
				ENABLE_STRICT_OBJC_MSGSEND = YES;
				ENABLE_TESTABILITY = YES;
				ENABLE_USER_SCRIPT_SANDBOXING = YES;
				GCC_C_LANGUAGE_STANDARD = gnu17;
				GCC_DYNAMIC_NO_PIC = NO;
				GCC_NO_COMMON_BLOCKS = YES;
				GCC_OPTIMIZATION_LEVEL = 0;
				GCC_PREPROCESSOR_DEFINITIONS = (
					"DEBUG=1",
					"$(inherited)",
				);
				GCC_WARN_64_TO_32_BIT_CONVERSION = YES;
				GCC_WARN_ABOUT_RETURN_TYPE = YES_ERROR;
				GCC_WARN_UNDECLARED_SELECTOR = YES;
				GCC_WARN_UNINITIALIZED_AUTOS = YES_AGGRESSIVE;
				GCC_WARN_UNUSED_FUNCTION = YES;
				GCC_WARN_UNUSED_VARIABLE = YES;
				LOCALIZATION_PREFERS_STRING_CATALOGS = YES;
				MTL_ENABLE_DEBUG_INFO = INCLUDE_SOURCE;
				MTL_FAST_MATH = YES;
				ONLY_ACTIVE_ARCH = YES;
				SWIFT_ACTIVE_COMPILATION_CONDITIONS = "DEBUG $(inherited)";
				SWIFT_OPTIMIZATION_LEVEL = "-Onone";
			};
			name = Debug;
		};
		21511CDB2ACDBCF500AA042E /* Release */ = {
			isa = XCBuildConfiguration;
			buildSettings = {
				ALWAYS_SEARCH_USER_PATHS = NO;
				ASSETCATALOG_COMPILER_GENERATE_SWIFT_ASSET_SYMBOL_EXTENSIONS = YES;
				CLANG_ANALYZER_NONNULL = YES;
				CLANG_ANALYZER_NUMBER_OBJECT_CONVERSION = YES_AGGRESSIVE;
				CLANG_CXX_LANGUAGE_STANDARD = "gnu++20";
				CLANG_ENABLE_MODULES = YES;
				CLANG_ENABLE_OBJC_ARC = YES;
				CLANG_ENABLE_OBJC_WEAK = YES;
				CLANG_WARN_BLOCK_CAPTURE_AUTORELEASING = YES;
				CLANG_WARN_BOOL_CONVERSION = YES;
				CLANG_WARN_COMMA = YES;
				CLANG_WARN_CONSTANT_CONVERSION = YES;
				CLANG_WARN_DEPRECATED_OBJC_IMPLEMENTATIONS = YES;
				CLANG_WARN_DIRECT_OBJC_ISA_USAGE = YES_ERROR;
				CLANG_WARN_DOCUMENTATION_COMMENTS = YES;
				CLANG_WARN_EMPTY_BODY = YES;
				CLANG_WARN_ENUM_CONVERSION = YES;
				CLANG_WARN_INFINITE_RECURSION = YES;
				CLANG_WARN_INT_CONVERSION = YES;
				CLANG_WARN_NON_LITERAL_NULL_CONVERSION = YES;
				CLANG_WARN_OBJC_IMPLICIT_RETAIN_SELF = YES;
				CLANG_WARN_OBJC_LITERAL_CONVERSION = YES;
				CLANG_WARN_OBJC_ROOT_CLASS = YES_ERROR;
				CLANG_WARN_QUOTED_INCLUDE_IN_FRAMEWORK_HEADER = YES;
				CLANG_WARN_RANGE_LOOP_ANALYSIS = YES;
				CLANG_WARN_STRICT_PROTOTYPES = YES;
				CLANG_WARN_SUSPICIOUS_MOVE = YES;
				CLANG_WARN_UNGUARDED_AVAILABILITY = YES_AGGRESSIVE;
				CLANG_WARN_UNREACHABLE_CODE = YES;
				CLANG_WARN__DUPLICATE_METHOD_MATCH = YES;
				COPY_PHASE_STRIP = NO;
				DEBUG_INFORMATION_FORMAT = "dwarf-with-dsym";
				ENABLE_NS_ASSERTIONS = NO;
				ENABLE_STRICT_OBJC_MSGSEND = YES;
				ENABLE_USER_SCRIPT_SANDBOXING = YES;
				GCC_C_LANGUAGE_STANDARD = gnu17;
				GCC_NO_COMMON_BLOCKS = YES;
				GCC_WARN_64_TO_32_BIT_CONVERSION = YES;
				GCC_WARN_ABOUT_RETURN_TYPE = YES_ERROR;
				GCC_WARN_UNDECLARED_SELECTOR = YES;
				GCC_WARN_UNINITIALIZED_AUTOS = YES_AGGRESSIVE;
				GCC_WARN_UNUSED_FUNCTION = YES;
				GCC_WARN_UNUSED_VARIABLE = YES;
				LOCALIZATION_PREFERS_STRING_CATALOGS = YES;
				MTL_ENABLE_DEBUG_INFO = NO;
				MTL_FAST_MATH = YES;
				SWIFT_COMPILATION_MODE = wholemodule;
			};
			name = Release;
		};
		21511CDD2ACDBCF500AA042E /* Debug */ = {
			isa = XCBuildConfiguration;
			buildSettings = {
				ASSETCATALOG_COMPILER_APPICON_NAME = AppIcon;
				ASSETCATALOG_COMPILER_GLOBAL_ACCENT_COLOR_NAME = AccentColor;
				CODE_SIGN_STYLE = Automatic;
				CURRENT_PROJECT_VERSION = 1;
				DEVELOPMENT_ASSET_PATHS = "\"watchOSTestApp Watch App/Preview Content\"";
				DEVELOPMENT_TEAM = 3XS7A2X6Q6;
				ENABLE_PREVIEWS = YES;
				EXCLUDED_ARCHS = "";
				GCC_WARN_64_TO_32_BIT_CONVERSION = NO;
				GENERATE_INFOPLIST_FILE = YES;
				INFOPLIST_FILE = "watchOSTestApp-Watch-App-Info.plist";
				INFOPLIST_KEY_CFBundleDisplayName = watchOSTestApp;
				INFOPLIST_KEY_UISupportedInterfaceOrientations = "UIInterfaceOrientationPortrait UIInterfaceOrientationPortraitUpsideDown";
				INFOPLIST_KEY_WKWatchOnly = YES;
				LD_RUNPATH_SEARCH_PATHS = (
					"$(inherited)",
					"@executable_path/Frameworks",
				);
				MARKETING_VERSION = 1.0;
				PRODUCT_BUNDLE_IDENTIFIER = com.lawmicha.watchOSTestApp.watchkitapp;
				PRODUCT_NAME = "$(TARGET_NAME)";
				SDKROOT = watchos;
				SKIP_INSTALL = YES;
				SWIFT_EMIT_LOC_STRINGS = YES;
				SWIFT_VERSION = 5.0;
				TARGETED_DEVICE_FAMILY = 4;
				WATCHOS_DEPLOYMENT_TARGET = 10.0;
			};
			name = Debug;
		};
		21511CDE2ACDBCF500AA042E /* Release */ = {
			isa = XCBuildConfiguration;
			buildSettings = {
				ASSETCATALOG_COMPILER_APPICON_NAME = AppIcon;
				ASSETCATALOG_COMPILER_GLOBAL_ACCENT_COLOR_NAME = AccentColor;
				CODE_SIGN_STYLE = Automatic;
				CURRENT_PROJECT_VERSION = 1;
				DEVELOPMENT_ASSET_PATHS = "\"watchOSTestApp Watch App/Preview Content\"";
				DEVELOPMENT_TEAM = 3XS7A2X6Q6;
				ENABLE_PREVIEWS = YES;
				EXCLUDED_ARCHS = "";
				GCC_WARN_64_TO_32_BIT_CONVERSION = NO;
				GENERATE_INFOPLIST_FILE = YES;
				INFOPLIST_FILE = "watchOSTestApp-Watch-App-Info.plist";
				INFOPLIST_KEY_CFBundleDisplayName = watchOSTestApp;
				INFOPLIST_KEY_UISupportedInterfaceOrientations = "UIInterfaceOrientationPortrait UIInterfaceOrientationPortraitUpsideDown";
				INFOPLIST_KEY_WKWatchOnly = YES;
				LD_RUNPATH_SEARCH_PATHS = (
					"$(inherited)",
					"@executable_path/Frameworks",
				);
				MARKETING_VERSION = 1.0;
				PRODUCT_BUNDLE_IDENTIFIER = com.lawmicha.watchOSTestApp.watchkitapp;
				PRODUCT_NAME = "$(TARGET_NAME)";
				SDKROOT = watchos;
				SKIP_INSTALL = YES;
				SWIFT_EMIT_LOC_STRINGS = YES;
				SWIFT_VERSION = 5.0;
				TARGETED_DEVICE_FAMILY = 4;
				VALIDATE_PRODUCT = YES;
				WATCHOS_DEPLOYMENT_TARGET = 10.0;
			};
			name = Release;
		};
		21511CE12ACDBCF500AA042E /* Debug */ = {
			isa = XCBuildConfiguration;
			buildSettings = {
				ALWAYS_EMBED_SWIFT_STANDARD_LIBRARIES = YES;
				CODE_SIGN_STYLE = Automatic;
				CURRENT_PROJECT_VERSION = 1;
				DEVELOPMENT_TEAM = 3XS7A2X6Q6;
				INFOPLIST_KEY_CFBundleDisplayName = watchOSTestApp;
				MARKETING_VERSION = 1.0;
				PRODUCT_BUNDLE_IDENTIFIER = com.lawmicha.watchOSTestApp;
				PRODUCT_NAME = "$(TARGET_NAME)";
				SDKROOT = iphoneos;
				SWIFT_VERSION = 5.0;
			};
			name = Debug;
		};
		21511CE22ACDBCF500AA042E /* Release */ = {
			isa = XCBuildConfiguration;
			buildSettings = {
				ALWAYS_EMBED_SWIFT_STANDARD_LIBRARIES = YES;
				CODE_SIGN_STYLE = Automatic;
				CURRENT_PROJECT_VERSION = 1;
				DEVELOPMENT_TEAM = 3XS7A2X6Q6;
				INFOPLIST_KEY_CFBundleDisplayName = watchOSTestApp;
				MARKETING_VERSION = 1.0;
				PRODUCT_BUNDLE_IDENTIFIER = com.lawmicha.watchOSTestApp;
				PRODUCT_NAME = "$(TARGET_NAME)";
				SDKROOT = iphoneos;
				SWIFT_VERSION = 5.0;
				VALIDATE_PRODUCT = YES;
			};
			name = Release;
		};
		21511CE42ACDBCF500AA042E /* Debug */ = {
			isa = XCBuildConfiguration;
			buildSettings = {
				ALWAYS_EMBED_SWIFT_STANDARD_LIBRARIES = YES;
				BUNDLE_LOADER = "$(TEST_HOST)";
				CODE_SIGN_STYLE = Automatic;
				CURRENT_PROJECT_VERSION = 1;
				GENERATE_INFOPLIST_FILE = YES;
				MARKETING_VERSION = 1.0;
				PRODUCT_BUNDLE_IDENTIFIER = "com.lawmicha.watchOSTestApp-Watch-AppTests";
				PRODUCT_NAME = "$(TARGET_NAME)";
				SDKROOT = watchos;
				SWIFT_EMIT_LOC_STRINGS = NO;
				SWIFT_VERSION = 5.0;
				TARGETED_DEVICE_FAMILY = 4;
				TEST_HOST = "$(BUILT_PRODUCTS_DIR)/watchOSTestApp Watch App.app/$(BUNDLE_EXECUTABLE_FOLDER_PATH)/watchOSTestApp Watch App";
				WATCHOS_DEPLOYMENT_TARGET = 10.0;
			};
			name = Debug;
		};
		21511CE52ACDBCF500AA042E /* Release */ = {
			isa = XCBuildConfiguration;
			buildSettings = {
				ALWAYS_EMBED_SWIFT_STANDARD_LIBRARIES = YES;
				BUNDLE_LOADER = "$(TEST_HOST)";
				CODE_SIGN_STYLE = Automatic;
				CURRENT_PROJECT_VERSION = 1;
				GENERATE_INFOPLIST_FILE = YES;
				MARKETING_VERSION = 1.0;
				PRODUCT_BUNDLE_IDENTIFIER = "com.lawmicha.watchOSTestApp-Watch-AppTests";
				PRODUCT_NAME = "$(TARGET_NAME)";
				SDKROOT = watchos;
				SWIFT_EMIT_LOC_STRINGS = NO;
				SWIFT_VERSION = 5.0;
				TARGETED_DEVICE_FAMILY = 4;
				TEST_HOST = "$(BUILT_PRODUCTS_DIR)/watchOSTestApp Watch App.app/$(BUNDLE_EXECUTABLE_FOLDER_PATH)/watchOSTestApp Watch App";
				VALIDATE_PRODUCT = YES;
				WATCHOS_DEPLOYMENT_TARGET = 10.0;
			};
			name = Release;
		};
		21511CE72ACDBCF500AA042E /* Debug */ = {
			isa = XCBuildConfiguration;
			buildSettings = {
				ALWAYS_EMBED_SWIFT_STANDARD_LIBRARIES = YES;
				CODE_SIGN_STYLE = Automatic;
				CURRENT_PROJECT_VERSION = 1;
				GENERATE_INFOPLIST_FILE = YES;
				MARKETING_VERSION = 1.0;
				PRODUCT_BUNDLE_IDENTIFIER = "com.lawmicha.watchOSTestApp-Watch-AppUITests";
				PRODUCT_NAME = "$(TARGET_NAME)";
				SDKROOT = watchos;
				SWIFT_EMIT_LOC_STRINGS = NO;
				SWIFT_VERSION = 5.0;
				TARGETED_DEVICE_FAMILY = 4;
				TEST_TARGET_NAME = "watchOSTestApp Watch App";
				WATCHOS_DEPLOYMENT_TARGET = 10.0;
			};
			name = Debug;
		};
		21511CE82ACDBCF500AA042E /* Release */ = {
			isa = XCBuildConfiguration;
			buildSettings = {
				ALWAYS_EMBED_SWIFT_STANDARD_LIBRARIES = YES;
				CODE_SIGN_STYLE = Automatic;
				CURRENT_PROJECT_VERSION = 1;
				GENERATE_INFOPLIST_FILE = YES;
				MARKETING_VERSION = 1.0;
				PRODUCT_BUNDLE_IDENTIFIER = "com.lawmicha.watchOSTestApp-Watch-AppUITests";
				PRODUCT_NAME = "$(TARGET_NAME)";
				SDKROOT = watchos;
				SWIFT_EMIT_LOC_STRINGS = NO;
				SWIFT_VERSION = 5.0;
				TARGETED_DEVICE_FAMILY = 4;
				TEST_TARGET_NAME = "watchOSTestApp Watch App";
				VALIDATE_PRODUCT = YES;
				WATCHOS_DEPLOYMENT_TARGET = 10.0;
			};
			name = Release;
		};
		4C3B1BF92B05128100F2A14C /* Debug */ = {
			isa = XCBuildConfiguration;
			buildSettings = {
				ASSETCATALOG_COMPILER_APPICON_NAME = AppIcon;
				ASSETCATALOG_COMPILER_GLOBAL_ACCENT_COLOR_NAME = AccentColor;
				CODE_SIGN_STYLE = Automatic;
				CURRENT_PROJECT_VERSION = 1;
				DEVELOPMENT_ASSET_PATHS = "\"phone/Preview Content\"";
				DEVELOPMENT_TEAM = 3XS7A2X6Q6;
				ENABLE_PREVIEWS = YES;
				GENERATE_INFOPLIST_FILE = YES;
				INFOPLIST_KEY_UIApplicationSceneManifest_Generation = YES;
				INFOPLIST_KEY_UIApplicationSupportsIndirectInputEvents = YES;
				INFOPLIST_KEY_UILaunchScreen_Generation = YES;
				INFOPLIST_KEY_UISupportedInterfaceOrientations_iPad = "UIInterfaceOrientationPortrait UIInterfaceOrientationPortraitUpsideDown UIInterfaceOrientationLandscapeLeft UIInterfaceOrientationLandscapeRight";
				INFOPLIST_KEY_UISupportedInterfaceOrientations_iPhone = "UIInterfaceOrientationPortrait UIInterfaceOrientationLandscapeLeft UIInterfaceOrientationLandscapeRight";
				IPHONEOS_DEPLOYMENT_TARGET = 17.0;
				LD_RUNPATH_SEARCH_PATHS = (
					"$(inherited)",
					"@executable_path/Frameworks",
				);
				MARKETING_VERSION = 1.0;
				PRODUCT_BUNDLE_IDENTIFIER = com.lawmicha.phone;
				PRODUCT_NAME = "$(TARGET_NAME)";
				SDKROOT = iphoneos;
				SWIFT_EMIT_LOC_STRINGS = YES;
				SWIFT_VERSION = 5.0;
				TARGETED_DEVICE_FAMILY = "1,2";
			};
			name = Debug;
		};
		4C3B1BFA2B05128100F2A14C /* Release */ = {
			isa = XCBuildConfiguration;
			buildSettings = {
				ASSETCATALOG_COMPILER_APPICON_NAME = AppIcon;
				ASSETCATALOG_COMPILER_GLOBAL_ACCENT_COLOR_NAME = AccentColor;
				CODE_SIGN_STYLE = Automatic;
				CURRENT_PROJECT_VERSION = 1;
				DEVELOPMENT_ASSET_PATHS = "\"phone/Preview Content\"";
				DEVELOPMENT_TEAM = 3XS7A2X6Q6;
				ENABLE_PREVIEWS = YES;
				GENERATE_INFOPLIST_FILE = YES;
				INFOPLIST_KEY_UIApplicationSceneManifest_Generation = YES;
				INFOPLIST_KEY_UIApplicationSupportsIndirectInputEvents = YES;
				INFOPLIST_KEY_UILaunchScreen_Generation = YES;
				INFOPLIST_KEY_UISupportedInterfaceOrientations_iPad = "UIInterfaceOrientationPortrait UIInterfaceOrientationPortraitUpsideDown UIInterfaceOrientationLandscapeLeft UIInterfaceOrientationLandscapeRight";
				INFOPLIST_KEY_UISupportedInterfaceOrientations_iPhone = "UIInterfaceOrientationPortrait UIInterfaceOrientationLandscapeLeft UIInterfaceOrientationLandscapeRight";
				IPHONEOS_DEPLOYMENT_TARGET = 17.0;
				LD_RUNPATH_SEARCH_PATHS = (
					"$(inherited)",
					"@executable_path/Frameworks",
				);
				MARKETING_VERSION = 1.0;
				PRODUCT_BUNDLE_IDENTIFIER = com.lawmicha.phone;
				PRODUCT_NAME = "$(TARGET_NAME)";
				SDKROOT = iphoneos;
				SWIFT_EMIT_LOC_STRINGS = YES;
				SWIFT_VERSION = 5.0;
				TARGETED_DEVICE_FAMILY = "1,2";
				VALIDATE_PRODUCT = YES;
			};
			name = Release;
		};
		4C3B1BFB2B05128100F2A14C /* Debug */ = {
			isa = XCBuildConfiguration;
			buildSettings = {
				ALWAYS_EMBED_SWIFT_STANDARD_LIBRARIES = YES;
				BUNDLE_LOADER = "$(TEST_HOST)";
				CODE_SIGN_STYLE = Automatic;
				CURRENT_PROJECT_VERSION = 1;
				DEVELOPMENT_TEAM = 3XS7A2X6Q6;
				GENERATE_INFOPLIST_FILE = YES;
				IPHONEOS_DEPLOYMENT_TARGET = 17.0;
				MARKETING_VERSION = 1.0;
				PRODUCT_BUNDLE_IDENTIFIER = com.lawmicha.phoneTests;
				PRODUCT_NAME = "$(TARGET_NAME)";
				SDKROOT = iphoneos;
				SWIFT_EMIT_LOC_STRINGS = NO;
				SWIFT_VERSION = 5.0;
				TARGETED_DEVICE_FAMILY = "1,2";
				TEST_HOST = "$(BUILT_PRODUCTS_DIR)/phone.app/$(BUNDLE_EXECUTABLE_FOLDER_PATH)/phone";
			};
			name = Debug;
		};
		4C3B1BFC2B05128100F2A14C /* Release */ = {
			isa = XCBuildConfiguration;
			buildSettings = {
				ALWAYS_EMBED_SWIFT_STANDARD_LIBRARIES = YES;
				BUNDLE_LOADER = "$(TEST_HOST)";
				CODE_SIGN_STYLE = Automatic;
				CURRENT_PROJECT_VERSION = 1;
				DEVELOPMENT_TEAM = 3XS7A2X6Q6;
				GENERATE_INFOPLIST_FILE = YES;
				IPHONEOS_DEPLOYMENT_TARGET = 17.0;
				MARKETING_VERSION = 1.0;
				PRODUCT_BUNDLE_IDENTIFIER = com.lawmicha.phoneTests;
				PRODUCT_NAME = "$(TARGET_NAME)";
				SDKROOT = iphoneos;
				SWIFT_EMIT_LOC_STRINGS = NO;
				SWIFT_VERSION = 5.0;
				TARGETED_DEVICE_FAMILY = "1,2";
				TEST_HOST = "$(BUILT_PRODUCTS_DIR)/phone.app/$(BUNDLE_EXECUTABLE_FOLDER_PATH)/phone";
				VALIDATE_PRODUCT = YES;
			};
			name = Release;
		};
		4C3B1BFD2B05128100F2A14C /* Debug */ = {
			isa = XCBuildConfiguration;
			buildSettings = {
				ALWAYS_EMBED_SWIFT_STANDARD_LIBRARIES = YES;
				CODE_SIGN_STYLE = Automatic;
				CURRENT_PROJECT_VERSION = 1;
				DEVELOPMENT_TEAM = 3XS7A2X6Q6;
				GENERATE_INFOPLIST_FILE = YES;
				IPHONEOS_DEPLOYMENT_TARGET = 17.0;
				MARKETING_VERSION = 1.0;
				PRODUCT_BUNDLE_IDENTIFIER = com.lawmicha.phoneUITests;
				PRODUCT_NAME = "$(TARGET_NAME)";
				SDKROOT = iphoneos;
				SWIFT_EMIT_LOC_STRINGS = NO;
				SWIFT_VERSION = 5.0;
				TARGETED_DEVICE_FAMILY = "1,2";
				TEST_TARGET_NAME = phone;
			};
			name = Debug;
		};
		4C3B1BFE2B05128100F2A14C /* Release */ = {
			isa = XCBuildConfiguration;
			buildSettings = {
				ALWAYS_EMBED_SWIFT_STANDARD_LIBRARIES = YES;
				CODE_SIGN_STYLE = Automatic;
				CURRENT_PROJECT_VERSION = 1;
				DEVELOPMENT_TEAM = 3XS7A2X6Q6;
				GENERATE_INFOPLIST_FILE = YES;
				IPHONEOS_DEPLOYMENT_TARGET = 17.0;
				MARKETING_VERSION = 1.0;
				PRODUCT_BUNDLE_IDENTIFIER = com.lawmicha.phoneUITests;
				PRODUCT_NAME = "$(TARGET_NAME)";
				SDKROOT = iphoneos;
				SWIFT_EMIT_LOC_STRINGS = NO;
				SWIFT_VERSION = 5.0;
				TARGETED_DEVICE_FAMILY = "1,2";
				TEST_TARGET_NAME = phone;
				VALIDATE_PRODUCT = YES;
			};
			name = Release;
		};
/* End XCBuildConfiguration section */

/* Begin XCConfigurationList section */
		21511CAD2ACDBCF200AA042E /* Build configuration list for PBXProject "watchOSTestApp" */ = {
			isa = XCConfigurationList;
			buildConfigurations = (
				21511CDA2ACDBCF500AA042E /* Debug */,
				21511CDB2ACDBCF500AA042E /* Release */,
			);
			defaultConfigurationIsVisible = 0;
			defaultConfigurationName = Release;
		};
		21511CDC2ACDBCF500AA042E /* Build configuration list for PBXNativeTarget "watchOSTestApp Watch App" */ = {
			isa = XCConfigurationList;
			buildConfigurations = (
				21511CDD2ACDBCF500AA042E /* Debug */,
				21511CDE2ACDBCF500AA042E /* Release */,
			);
			defaultConfigurationIsVisible = 0;
			defaultConfigurationName = Release;
		};
		21511CE02ACDBCF500AA042E /* Build configuration list for PBXNativeTarget "watchOSTestApp" */ = {
			isa = XCConfigurationList;
			buildConfigurations = (
				21511CE12ACDBCF500AA042E /* Debug */,
				21511CE22ACDBCF500AA042E /* Release */,
			);
			defaultConfigurationIsVisible = 0;
			defaultConfigurationName = Release;
		};
		21511CE32ACDBCF500AA042E /* Build configuration list for PBXNativeTarget "watchOSTestApp Watch AppTests" */ = {
			isa = XCConfigurationList;
			buildConfigurations = (
				21511CE42ACDBCF500AA042E /* Debug */,
				21511CE52ACDBCF500AA042E /* Release */,
			);
			defaultConfigurationIsVisible = 0;
			defaultConfigurationName = Release;
		};
		21511CE62ACDBCF500AA042E /* Build configuration list for PBXNativeTarget "watchOSTestApp Watch AppUITests" */ = {
			isa = XCConfigurationList;
			buildConfigurations = (
				21511CE72ACDBCF500AA042E /* Debug */,
				21511CE82ACDBCF500AA042E /* Release */,
			);
			defaultConfigurationIsVisible = 0;
			defaultConfigurationName = Release;
		};
		4C3B1BFF2B05128100F2A14C /* Build configuration list for PBXNativeTarget "phone" */ = {
			isa = XCConfigurationList;
			buildConfigurations = (
				4C3B1BF92B05128100F2A14C /* Debug */,
				4C3B1BFA2B05128100F2A14C /* Release */,
			);
			defaultConfigurationIsVisible = 0;
			defaultConfigurationName = Release;
		};
		4C3B1C002B05128100F2A14C /* Build configuration list for PBXNativeTarget "phoneTests" */ = {
			isa = XCConfigurationList;
			buildConfigurations = (
				4C3B1BFB2B05128100F2A14C /* Debug */,
				4C3B1BFC2B05128100F2A14C /* Release */,
			);
			defaultConfigurationIsVisible = 0;
			defaultConfigurationName = Release;
		};
		4C3B1C012B05128100F2A14C /* Build configuration list for PBXNativeTarget "phoneUITests" */ = {
			isa = XCConfigurationList;
			buildConfigurations = (
				4C3B1BFD2B05128100F2A14C /* Debug */,
				4C3B1BFE2B05128100F2A14C /* Release */,
			);
			defaultConfigurationIsVisible = 0;
			defaultConfigurationName = Release;
		};
/* End XCConfigurationList section */

/* Begin XCRemoteSwiftPackageReference section */
		4C3B1C032B0513DF00F2A14C /* XCRemoteSwiftPackageReference "amplify-swift" */ = {
			isa = XCRemoteSwiftPackageReference;
			repositoryURL = "https://github.com/aws-amplify/amplify-swift";
			requirement = {
				branch = "fix-watchos.no-int-patch";
				kind = branch;
			};
		};
/* End XCRemoteSwiftPackageReference section */

/* Begin XCSwiftPackageProductDependency section */
		4C3B1C042B0513DF00F2A14C /* AWSAPIPlugin */ = {
			isa = XCSwiftPackageProductDependency;
			package = 4C3B1C032B0513DF00F2A14C /* XCRemoteSwiftPackageReference "amplify-swift" */;
			productName = AWSAPIPlugin;
		};
		4C3B1C062B0513DF00F2A14C /* AWSDataStorePlugin */ = {
			isa = XCSwiftPackageProductDependency;
			package = 4C3B1C032B0513DF00F2A14C /* XCRemoteSwiftPackageReference "amplify-swift" */;
			productName = AWSDataStorePlugin;
		};
		4C3B1C082B0513DF00F2A14C /* AWSPluginsCore */ = {
			isa = XCSwiftPackageProductDependency;
			package = 4C3B1C032B0513DF00F2A14C /* XCRemoteSwiftPackageReference "amplify-swift" */;
			productName = AWSPluginsCore;
		};
		4C3B1C0A2B0513DF00F2A14C /* Amplify */ = {
			isa = XCSwiftPackageProductDependency;
			package = 4C3B1C032B0513DF00F2A14C /* XCRemoteSwiftPackageReference "amplify-swift" */;
			productName = Amplify;
		};
		4C3B1C122B05154100F2A14C /* Amplify */ = {
			isa = XCSwiftPackageProductDependency;
			package = 4C3B1C032B0513DF00F2A14C /* XCRemoteSwiftPackageReference "amplify-swift" */;
			productName = Amplify;
		};
		4C3B1C142B05154100F2A14C /* AWSAPIPlugin */ = {
			isa = XCSwiftPackageProductDependency;
			package = 4C3B1C032B0513DF00F2A14C /* XCRemoteSwiftPackageReference "amplify-swift" */;
			productName = AWSAPIPlugin;
		};
		4C3B1C162B05154100F2A14C /* AWSDataStorePlugin */ = {
			isa = XCSwiftPackageProductDependency;
			package = 4C3B1C032B0513DF00F2A14C /* XCRemoteSwiftPackageReference "amplify-swift" */;
			productName = AWSDataStorePlugin;
		};
		4C3B1C182B05154100F2A14C /* AWSPluginsCore */ = {
			isa = XCSwiftPackageProductDependency;
			package = 4C3B1C032B0513DF00F2A14C /* XCRemoteSwiftPackageReference "amplify-swift" */;
			productName = AWSPluginsCore;
		};
/* End XCSwiftPackageProductDependency section */
	};
	rootObject = 21511CAA2ACDBCF200AA042E /* Project object */;
}
